// !$*UTF8*$!
{
	archiveVersion = 1;
	classes = {
	};
	objectVersion = 46;
	objects = {

/* Begin PBXBuildFile section */
		C383BCC018C5CD22001C8241 /* Foundation.framework in Frameworks */ = {isa = PBXBuildFile; fileRef = C383BCBF18C5CD22001C8241 /* Foundation.framework */; };
		C383BCC218C5CD22001C8241 /* CoreGraphics.framework in Frameworks */ = {isa = PBXBuildFile; fileRef = C383BCC118C5CD22001C8241 /* CoreGraphics.framework */; };
		C383BCC418C5CD22001C8241 /* UIKit.framework in Frameworks */ = {isa = PBXBuildFile; fileRef = C383BCC318C5CD22001C8241 /* UIKit.framework */; };
		C383BCCA18C5CD22001C8241 /* InfoPlist.strings in Resources */ = {isa = PBXBuildFile; fileRef = C383BCC818C5CD22001C8241 /* InfoPlist.strings */; };
		C383BCCC18C5CD22001C8241 /* main.m in Sources */ = {isa = PBXBuildFile; fileRef = C383BCCB18C5CD22001C8241 /* main.m */; };
		C383BCD018C5CD22001C8241 /* PCAppDelegate.m in Sources */ = {isa = PBXBuildFile; fileRef = C383BCCF18C5CD22001C8241 /* PCAppDelegate.m */; };
		C383BCD218C5CD22001C8241 /* Images.xcassets in Resources */ = {isa = PBXBuildFile; fileRef = C383BCD118C5CD22001C8241 /* Images.xcassets */; };
		C383BCD918C5CD22001C8241 /* XCTest.framework in Frameworks */ = {isa = PBXBuildFile; fileRef = C383BCD818C5CD22001C8241 /* XCTest.framework */; };
		C383BCDA18C5CD22001C8241 /* Foundation.framework in Frameworks */ = {isa = PBXBuildFile; fileRef = C383BCBF18C5CD22001C8241 /* Foundation.framework */; };
		C383BCDB18C5CD22001C8241 /* UIKit.framework in Frameworks */ = {isa = PBXBuildFile; fileRef = C383BCC318C5CD22001C8241 /* UIKit.framework */; };
		C383BCE318C5CD22001C8241 /* InfoPlist.strings in Resources */ = {isa = PBXBuildFile; fileRef = C383BCE118C5CD22001C8241 /* InfoPlist.strings */; };
		C383BCE518C5CD22001C8241 /* PonChiCameraTests.m in Sources */ = {isa = PBXBuildFile; fileRef = C383BCE418C5CD22001C8241 /* PonChiCameraTests.m */; };
		C383BCF118C5CD35001C8241 /* PCShotViewController.m in Sources */ = {isa = PBXBuildFile; fileRef = C383BCEF18C5CD35001C8241 /* PCShotViewController.m */; };
		C383BCF218C5CD35001C8241 /* PCShotViewController.xib in Resources */ = {isa = PBXBuildFile; fileRef = C383BCF018C5CD35001C8241 /* PCShotViewController.xib */; };
		C383BCF618C5CDE6001C8241 /* PCEditPhotoViewController.m in Sources */ = {isa = PBXBuildFile; fileRef = C383BCF418C5CDE6001C8241 /* PCEditPhotoViewController.m */; };
		C383BCF718C5CDE6001C8241 /* PCEditPhotoViewController.xib in Resources */ = {isa = PBXBuildFile; fileRef = C383BCF518C5CDE6001C8241 /* PCEditPhotoViewController.xib */; };
		D01502F21C3E45C100DEF699 /* Launch Screen.storyboard in Resources */ = {isa = PBXBuildFile; fileRef = D01502F11C3E45C100DEF699 /* Launch Screen.storyboard */; };
		D0FF85D61A885F3E006288BD /* AVFoundation.framework in Frameworks */ = {isa = PBXBuildFile; fileRef = D0FF85D51A885F3E006288BD /* AVFoundation.framework */; };
/* End PBXBuildFile section */

/* Begin PBXContainerItemProxy section */
		C383BCDC18C5CD22001C8241 /* PBXContainerItemProxy */ = {
			isa = PBXContainerItemProxy;
			containerPortal = C383BCB418C5CD22001C8241 /* Project object */;
			proxyType = 1;
			remoteGlobalIDString = C383BCBB18C5CD22001C8241;
			remoteInfo = PonChiCamera;
		};
/* End PBXContainerItemProxy section */

/* Begin PBXFileReference section */
		C383BCBC18C5CD22001C8241 /* PonChiCamera.app */ = {isa = PBXFileReference; explicitFileType = wrapper.application; includeInIndex = 0; path = PonChiCamera.app; sourceTree = BUILT_PRODUCTS_DIR; };
		C383BCBF18C5CD22001C8241 /* Foundation.framework */ = {isa = PBXFileReference; lastKnownFileType = wrapper.framework; name = Foundation.framework; path = System/Library/Frameworks/Foundation.framework; sourceTree = SDKROOT; };
		C383BCC118C5CD22001C8241 /* CoreGraphics.framework */ = {isa = PBXFileReference; lastKnownFileType = wrapper.framework; name = CoreGraphics.framework; path = System/Library/Frameworks/CoreGraphics.framework; sourceTree = SDKROOT; };
		C383BCC318C5CD22001C8241 /* UIKit.framework */ = {isa = PBXFileReference; lastKnownFileType = wrapper.framework; name = UIKit.framework; path = System/Library/Frameworks/UIKit.framework; sourceTree = SDKROOT; };
		C383BCC718C5CD22001C8241 /* PonChiCamera-Info.plist */ = {isa = PBXFileReference; lastKnownFileType = text.plist.xml; path = "PonChiCamera-Info.plist"; sourceTree = "<group>"; };
		C383BCC918C5CD22001C8241 /* en */ = {isa = PBXFileReference; lastKnownFileType = text.plist.strings; name = en; path = en.lproj/InfoPlist.strings; sourceTree = "<group>"; };
		C383BCCB18C5CD22001C8241 /* main.m */ = {isa = PBXFileReference; lastKnownFileType = sourcecode.c.objc; path = main.m; sourceTree = "<group>"; };
		C383BCCD18C5CD22001C8241 /* PonChiCamera-Prefix.pch */ = {isa = PBXFileReference; lastKnownFileType = sourcecode.c.h; path = "PonChiCamera-Prefix.pch"; sourceTree = "<group>"; };
		C383BCCE18C5CD22001C8241 /* PCAppDelegate.h */ = {isa = PBXFileReference; lastKnownFileType = sourcecode.c.h; path = PCAppDelegate.h; sourceTree = "<group>"; };
		C383BCCF18C5CD22001C8241 /* PCAppDelegate.m */ = {isa = PBXFileReference; lastKnownFileType = sourcecode.c.objc; path = PCAppDelegate.m; sourceTree = "<group>"; };
		C383BCD118C5CD22001C8241 /* Images.xcassets */ = {isa = PBXFileReference; lastKnownFileType = folder.assetcatalog; path = Images.xcassets; sourceTree = "<group>"; };
		C383BCD718C5CD22001C8241 /* PonChiCameraTests.xctest */ = {isa = PBXFileReference; explicitFileType = wrapper.cfbundle; includeInIndex = 0; path = PonChiCameraTests.xctest; sourceTree = BUILT_PRODUCTS_DIR; };
		C383BCD818C5CD22001C8241 /* XCTest.framework */ = {isa = PBXFileReference; lastKnownFileType = wrapper.framework; name = XCTest.framework; path = Library/Frameworks/XCTest.framework; sourceTree = DEVELOPER_DIR; };
		C383BCE018C5CD22001C8241 /* PonChiCameraTests-Info.plist */ = {isa = PBXFileReference; lastKnownFileType = text.plist.xml; path = "PonChiCameraTests-Info.plist"; sourceTree = "<group>"; };
		C383BCE218C5CD22001C8241 /* en */ = {isa = PBXFileReference; lastKnownFileType = text.plist.strings; name = en; path = en.lproj/InfoPlist.strings; sourceTree = "<group>"; };
		C383BCE418C5CD22001C8241 /* PonChiCameraTests.m */ = {isa = PBXFileReference; lastKnownFileType = sourcecode.c.objc; path = PonChiCameraTests.m; sourceTree = "<group>"; };
		C383BCEE18C5CD35001C8241 /* PCShotViewController.h */ = {isa = PBXFileReference; fileEncoding = 4; lastKnownFileType = sourcecode.c.h; path = PCShotViewController.h; sourceTree = "<group>"; };
		C383BCEF18C5CD35001C8241 /* PCShotViewController.m */ = {isa = PBXFileReference; fileEncoding = 4; lastKnownFileType = sourcecode.c.objc; path = PCShotViewController.m; sourceTree = "<group>"; };
		C383BCF018C5CD35001C8241 /* PCShotViewController.xib */ = {isa = PBXFileReference; fileEncoding = 4; lastKnownFileType = file.xib; path = PCShotViewController.xib; sourceTree = "<group>"; };
		C383BCF318C5CDE6001C8241 /* PCEditPhotoViewController.h */ = {isa = PBXFileReference; fileEncoding = 4; lastKnownFileType = sourcecode.c.h; path = PCEditPhotoViewController.h; sourceTree = "<group>"; };
		C383BCF418C5CDE6001C8241 /* PCEditPhotoViewController.m */ = {isa = PBXFileReference; fileEncoding = 4; lastKnownFileType = sourcecode.c.objc; path = PCEditPhotoViewController.m; sourceTree = "<group>"; };
		C383BCF518C5CDE6001C8241 /* PCEditPhotoViewController.xib */ = {isa = PBXFileReference; fileEncoding = 4; lastKnownFileType = file.xib; path = PCEditPhotoViewController.xib; sourceTree = "<group>"; };
		D01502F11C3E45C100DEF699 /* Launch Screen.storyboard */ = {isa = PBXFileReference; fileEncoding = 4; lastKnownFileType = file.storyboard; path = "Launch Screen.storyboard"; sourceTree = "<group>"; };
		D0FF85D51A885F3E006288BD /* AVFoundation.framework */ = {isa = PBXFileReference; lastKnownFileType = wrapper.framework; name = AVFoundation.framework; path = System/Library/Frameworks/AVFoundation.framework; sourceTree = SDKROOT; };
/* End PBXFileReference section */

/* Begin PBXFrameworksBuildPhase section */
		C383BCB918C5CD22001C8241 /* Frameworks */ = {
			isa = PBXFrameworksBuildPhase;
			buildActionMask = 2147483647;
			files = (
				D0FF85D61A885F3E006288BD /* AVFoundation.framework in Frameworks */,
				C383BCC218C5CD22001C8241 /* CoreGraphics.framework in Frameworks */,
				C383BCC418C5CD22001C8241 /* UIKit.framework in Frameworks */,
				C383BCC018C5CD22001C8241 /* Foundation.framework in Frameworks */,
			);
			runOnlyForDeploymentPostprocessing = 0;
		};
		C383BCD418C5CD22001C8241 /* Frameworks */ = {
			isa = PBXFrameworksBuildPhase;
			buildActionMask = 2147483647;
			files = (
				C383BCD918C5CD22001C8241 /* XCTest.framework in Frameworks */,
				C383BCDB18C5CD22001C8241 /* UIKit.framework in Frameworks */,
				C383BCDA18C5CD22001C8241 /* Foundation.framework in Frameworks */,
			);
			runOnlyForDeploymentPostprocessing = 0;
		};
/* End PBXFrameworksBuildPhase section */

/* Begin PBXGroup section */
		C383BCB318C5CD22001C8241 = {
			isa = PBXGroup;
			children = (
				C383BCC518C5CD22001C8241 /* PonChiCamera */,
				C383BCDE18C5CD22001C8241 /* PonChiCameraTests */,
				C383BCBE18C5CD22001C8241 /* Frameworks */,
				C383BCBD18C5CD22001C8241 /* Products */,
			);
			sourceTree = "<group>";
		};
		C383BCBD18C5CD22001C8241 /* Products */ = {
			isa = PBXGroup;
			children = (
				C383BCBC18C5CD22001C8241 /* PonChiCamera.app */,
				C383BCD718C5CD22001C8241 /* PonChiCameraTests.xctest */,
			);
			name = Products;
			sourceTree = "<group>";
		};
		C383BCBE18C5CD22001C8241 /* Frameworks */ = {
			isa = PBXGroup;
			children = (
				D0FF85D51A885F3E006288BD /* AVFoundation.framework */,
				C383BCBF18C5CD22001C8241 /* Foundation.framework */,
				C383BCC118C5CD22001C8241 /* CoreGraphics.framework */,
				C383BCC318C5CD22001C8241 /* UIKit.framework */,
				C383BCD818C5CD22001C8241 /* XCTest.framework */,
			);
			name = Frameworks;
			sourceTree = "<group>";
		};
		C383BCC518C5CD22001C8241 /* PonChiCamera */ = {
			isa = PBXGroup;
			children = (
				C383BCCE18C5CD22001C8241 /* PCAppDelegate.h */,
				C383BCCF18C5CD22001C8241 /* PCAppDelegate.m */,
				C383BCEE18C5CD35001C8241 /* PCShotViewController.h */,
				C383BCEF18C5CD35001C8241 /* PCShotViewController.m */,
				C383BCF018C5CD35001C8241 /* PCShotViewController.xib */,
				C383BCF318C5CDE6001C8241 /* PCEditPhotoViewController.h */,
				C383BCF418C5CDE6001C8241 /* PCEditPhotoViewController.m */,
				C383BCF518C5CDE6001C8241 /* PCEditPhotoViewController.xib */,
				D01502F11C3E45C100DEF699 /* Launch Screen.storyboard */,
				C383BCD118C5CD22001C8241 /* Images.xcassets */,
				C383BCC618C5CD22001C8241 /* Supporting Files */,
			);
			path = PonChiCamera;
			sourceTree = "<group>";
		};
		C383BCC618C5CD22001C8241 /* Supporting Files */ = {
			isa = PBXGroup;
			children = (
				C383BCC718C5CD22001C8241 /* PonChiCamera-Info.plist */,
				C383BCC818C5CD22001C8241 /* InfoPlist.strings */,
				C383BCCB18C5CD22001C8241 /* main.m */,
				C383BCCD18C5CD22001C8241 /* PonChiCamera-Prefix.pch */,
			);
			name = "Supporting Files";
			sourceTree = "<group>";
		};
		C383BCDE18C5CD22001C8241 /* PonChiCameraTests */ = {
			isa = PBXGroup;
			children = (
				C383BCE418C5CD22001C8241 /* PonChiCameraTests.m */,
				C383BCDF18C5CD22001C8241 /* Supporting Files */,
			);
			path = PonChiCameraTests;
			sourceTree = "<group>";
		};
		C383BCDF18C5CD22001C8241 /* Supporting Files */ = {
			isa = PBXGroup;
			children = (
				C383BCE018C5CD22001C8241 /* PonChiCameraTests-Info.plist */,
				C383BCE118C5CD22001C8241 /* InfoPlist.strings */,
			);
			name = "Supporting Files";
			sourceTree = "<group>";
		};
/* End PBXGroup section */

/* Begin PBXNativeTarget section */
		C383BCBB18C5CD22001C8241 /* PonChiCamera */ = {
			isa = PBXNativeTarget;
			buildConfigurationList = C383BCE818C5CD22001C8241 /* Build configuration list for PBXNativeTarget "PonChiCamera" */;
			buildPhases = (
				C383BCB818C5CD22001C8241 /* Sources */,
				C383BCB918C5CD22001C8241 /* Frameworks */,
				C383BCBA18C5CD22001C8241 /* Resources */,
			);
			buildRules = (
			);
			dependencies = (
			);
			name = PonChiCamera;
			productName = PonChiCamera;
			productReference = C383BCBC18C5CD22001C8241 /* PonChiCamera.app */;
			productType = "com.apple.product-type.application";
		};
		C383BCD618C5CD22001C8241 /* PonChiCameraTests */ = {
			isa = PBXNativeTarget;
			buildConfigurationList = C383BCEB18C5CD22001C8241 /* Build configuration list for PBXNativeTarget "PonChiCameraTests" */;
			buildPhases = (
				C383BCD318C5CD22001C8241 /* Sources */,
				C383BCD418C5CD22001C8241 /* Frameworks */,
				C383BCD518C5CD22001C8241 /* Resources */,
			);
			buildRules = (
			);
			dependencies = (
				C383BCDD18C5CD22001C8241 /* PBXTargetDependency */,
			);
			name = PonChiCameraTests;
			productName = PonChiCameraTests;
			productReference = C383BCD718C5CD22001C8241 /* PonChiCameraTests.xctest */;
			productType = "com.apple.product-type.bundle.unit-test";
		};
/* End PBXNativeTarget section */

/* Begin PBXProject section */
		C383BCB418C5CD22001C8241 /* Project object */ = {
			isa = PBXProject;
			attributes = {
				CLASSPREFIX = PC;
				LastUpgradeCheck = 0500;
				ORGANIZATIONNAME = papayabird;
				TargetAttributes = {
					C383BCD618C5CD22001C8241 = {
						TestTargetID = C383BCBB18C5CD22001C8241;
					};
				};
			};
			buildConfigurationList = C383BCB718C5CD22001C8241 /* Build configuration list for PBXProject "PonChiCamera" */;
			compatibilityVersion = "Xcode 3.2";
			developmentRegion = English;
			hasScannedForEncodings = 0;
			knownRegions = (
				en,
			);
			mainGroup = C383BCB318C5CD22001C8241;
			productRefGroup = C383BCBD18C5CD22001C8241 /* Products */;
			projectDirPath = "";
			projectRoot = "";
			targets = (
				C383BCBB18C5CD22001C8241 /* PonChiCamera */,
				C383BCD618C5CD22001C8241 /* PonChiCameraTests */,
			);
		};
/* End PBXProject section */

/* Begin PBXResourcesBuildPhase section */
		C383BCBA18C5CD22001C8241 /* Resources */ = {
			isa = PBXResourcesBuildPhase;
			buildActionMask = 2147483647;
			files = (
				C383BCF718C5CDE6001C8241 /* PCEditPhotoViewController.xib in Resources */,
				C383BCF218C5CD35001C8241 /* PCShotViewController.xib in Resources */,
				C383BCCA18C5CD22001C8241 /* InfoPlist.strings in Resources */,
				D01502F21C3E45C100DEF699 /* Launch Screen.storyboard in Resources */,
				C383BCD218C5CD22001C8241 /* Images.xcassets in Resources */,
			);
			runOnlyForDeploymentPostprocessing = 0;
		};
		C383BCD518C5CD22001C8241 /* Resources */ = {
			isa = PBXResourcesBuildPhase;
			buildActionMask = 2147483647;
			files = (
				C383BCE318C5CD22001C8241 /* InfoPlist.strings in Resources */,
			);
			runOnlyForDeploymentPostprocessing = 0;
		};
/* End PBXResourcesBuildPhase section */

/* Begin PBXSourcesBuildPhase section */
		C383BCB818C5CD22001C8241 /* Sources */ = {
			isa = PBXSourcesBuildPhase;
			buildActionMask = 2147483647;
			files = (
				C383BCF618C5CDE6001C8241 /* PCEditPhotoViewController.m in Sources */,
				C383BCF118C5CD35001C8241 /* PCShotViewController.m in Sources */,
				C383BCCC18C5CD22001C8241 /* main.m in Sources */,
				C383BCD018C5CD22001C8241 /* PCAppDelegate.m in Sources */,
			);
			runOnlyForDeploymentPostprocessing = 0;
		};
		C383BCD318C5CD22001C8241 /* Sources */ = {
			isa = PBXSourcesBuildPhase;
			buildActionMask = 2147483647;
			files = (
				C383BCE518C5CD22001C8241 /* PonChiCameraTests.m in Sources */,
			);
			runOnlyForDeploymentPostprocessing = 0;
		};
/* End PBXSourcesBuildPhase section */

/* Begin PBXTargetDependency section */
		C383BCDD18C5CD22001C8241 /* PBXTargetDependency */ = {
			isa = PBXTargetDependency;
			target = C383BCBB18C5CD22001C8241 /* PonChiCamera */;
			targetProxy = C383BCDC18C5CD22001C8241 /* PBXContainerItemProxy */;
		};
/* End PBXTargetDependency section */

/* Begin PBXVariantGroup section */
		C383BCC818C5CD22001C8241 /* InfoPlist.strings */ = {
			isa = PBXVariantGroup;
			children = (
				C383BCC918C5CD22001C8241 /* en */,
			);
			name = InfoPlist.strings;
			sourceTree = "<group>";
		};
		C383BCE118C5CD22001C8241 /* InfoPlist.strings */ = {
			isa = PBXVariantGroup;
			children = (
				C383BCE218C5CD22001C8241 /* en */,
			);
			name = InfoPlist.strings;
			sourceTree = "<group>";
		};
/* End PBXVariantGroup section */

/* Begin XCBuildConfiguration section */
		C383BCE618C5CD22001C8241 /* Debug */ = {
			isa = XCBuildConfiguration;
			buildSettings = {
				ALWAYS_SEARCH_USER_PATHS = NO;
				ARCHS = "$(ARCHS_STANDARD_INCLUDING_64_BIT)";
				CLANG_CXX_LANGUAGE_STANDARD = "gnu++0x";
				CLANG_CXX_LIBRARY = "libc++";
				CLANG_ENABLE_MODULES = YES;
				CLANG_ENABLE_OBJC_ARC = YES;
				CLANG_WARN_BOOL_CONVERSION = YES;
				CLANG_WARN_CONSTANT_CONVERSION = YES;
				CLANG_WARN_DIRECT_OBJC_ISA_USAGE = YES_ERROR;
				CLANG_WARN_EMPTY_BODY = YES;
				CLANG_WARN_ENUM_CONVERSION = YES;
				CLANG_WARN_INT_CONVERSION = YES;
				CLANG_WARN_OBJC_ROOT_CLASS = YES_ERROR;
				CLANG_WARN__DUPLICATE_METHOD_MATCH = YES;
				"CODE_SIGN_IDENTITY[sdk=iphoneos*]" = "iPhone Developer";
				COPY_PHASE_STRIP = NO;
				GCC_C_LANGUAGE_STANDARD = gnu99;
				GCC_DYNAMIC_NO_PIC = NO;
				GCC_OPTIMIZATION_LEVEL = 0;
				GCC_PREPROCESSOR_DEFINITIONS = (
					"DEBUG=1",
					"$(inherited)",
				);
				GCC_SYMBOLS_PRIVATE_EXTERN = NO;
				GCC_WARN_64_TO_32_BIT_CONVERSION = YES;
				GCC_WARN_ABOUT_RETURN_TYPE = YES_ERROR;
				GCC_WARN_UNDECLARED_SELECTOR = YES;
				GCC_WARN_UNINITIALIZED_AUTOS = YES;
				GCC_WARN_UNUSED_FUNCTION = YES;
				GCC_WARN_UNUSED_VARIABLE = YES;
				IPHONEOS_DEPLOYMENT_TARGET = 8.0;
				ONLY_ACTIVE_ARCH = YES;
				SDKROOT = iphoneos;
			};
			name = Debug;
		};
		C383BCE718C5CD22001C8241 /* Release */ = {
			isa = XCBuildConfiguration;
			buildSettings = {
				ALWAYS_SEARCH_USER_PATHS = NO;
				ARCHS = "$(ARCHS_STANDARD_INCLUDING_64_BIT)";
				CLANG_CXX_LANGUAGE_STANDARD = "gnu++0x";
				CLANG_CXX_LIBRARY = "libc++";
				CLANG_ENABLE_MODULES = YES;
				CLANG_ENABLE_OBJC_ARC = YES;
				CLANG_WARN_BOOL_CONVERSION = YES;
				CLANG_WARN_CONSTANT_CONVERSION = YES;
				CLANG_WARN_DIRECT_OBJC_ISA_USAGE = YES_ERROR;
				CLANG_WARN_EMPTY_BODY = YES;
				CLANG_WARN_ENUM_CONVERSION = YES;
				CLANG_WARN_INT_CONVERSION = YES;
				CLANG_WARN_OBJC_ROOT_CLASS = YES_ERROR;
				CLANG_WARN__DUPLICATE_METHOD_MATCH = YES;
				"CODE_SIGN_IDENTITY[sdk=iphoneos*]" = "iPhone Developer";
				COPY_PHASE_STRIP = YES;
				ENABLE_NS_ASSERTIONS = NO;
				GCC_C_LANGUAGE_STANDARD = gnu99;
				GCC_WARN_64_TO_32_BIT_CONVERSION = YES;
				GCC_WARN_ABOUT_RETURN_TYPE = YES_ERROR;
				GCC_WARN_UNDECLARED_SELECTOR = YES;
				GCC_WARN_UNINITIALIZED_AUTOS = YES;
				GCC_WARN_UNUSED_FUNCTION = YES;
				GCC_WARN_UNUSED_VARIABLE = YES;
				IPHONEOS_DEPLOYMENT_TARGET = 8.0;
				SDKROOT = iphoneos;
				VALIDATE_PRODUCT = YES;
			};
			name = Release;
		};
		C383BCE918C5CD22001C8241 /* Debug */ = {
			isa = XCBuildConfiguration;
			buildSettings = {
				ASSETCATALOG_COMPILER_APPICON_NAME = AppIcon;
				ASSETCATALOG_COMPILER_LAUNCHIMAGE_NAME = LaunchImage;
				GCC_PRECOMPILE_PREFIX_HEADER = YES;
				GCC_PREFIX_HEADER = "PonChiCamera/PonChiCamera-Prefix.pch";
				INFOPLIST_FILE = "PonChiCamera/PonChiCamera-Info.plist";
				IPHONEOS_DEPLOYMENT_TARGET = 8.0;
				PRODUCT_NAME = "$(TARGET_NAME)";
				WRAPPER_EXTENSION = app;
			};
			name = Debug;
		};
		C383BCEA18C5CD22001C8241 /* Release */ = {
			isa = XCBuildConfiguration;
			buildSettings = {
				ASSETCATALOG_COMPILER_APPICON_NAME = AppIcon;
				ASSETCATALOG_COMPILER_LAUNCHIMAGE_NAME = LaunchImage;
				GCC_PRECOMPILE_PREFIX_HEADER = YES;
				GCC_PREFIX_HEADER = "PonChiCamera/PonChiCamera-Prefix.pch";
				INFOPLIST_FILE = "PonChiCamera/PonChiCamera-Info.plist";
				IPHONEOS_DEPLOYMENT_TARGET = 8.0;
				PRODUCT_NAME = "$(TARGET_NAME)";
				WRAPPER_EXTENSION = app;
			};
			name = Release;
		};
		C383BCEC18C5CD22001C8241 /* Debug */ = {
			isa = XCBuildConfiguration;
			buildSettings = {
				ARCHS = "$(ARCHS_STANDARD_INCLUDING_64_BIT)";
				BUNDLE_LOADER = "$(BUILT_PRODUCTS_DIR)/PonChiCamera.app/PonChiCamera";
				FRAMEWORK_SEARCH_PATHS = (
					"$(SDKROOT)/Developer/Library/Frameworks",
					"$(inherited)",
					"$(DEVELOPER_FRAMEWORKS_DIR)",
				);
				GCC_PRECOMPILE_PREFIX_HEADER = YES;
				GCC_PREFIX_HEADER = "PonChiCamera/PonChiCamera-Prefix.pch";
				GCC_PREPROCESSOR_DEFINITIONS = (
					"DEBUG=1",
					"$(inherited)",
				);
				INFOPLIST_FILE = "PonChiCameraTests/PonChiCameraTests-Info.plist";
				PRODUCT_NAME = "$(TARGET_NAME)";
				TEST_HOST = "$(BUNDLE_LOADER)";
				WRAPPER_EXTENSION = xctest;
			};
			name = Debug;
		};
		C383BCED18C5CD22001C8241 /* Release */ = {
			isa = XCBuildConfiguration;
			buildSettings = {
				ARCHS = "$(ARCHS_STANDARD_INCLUDING_64_BIT)";
				BUNDLE_LOADER = "$(BUILT_PRODUCTS_DIR)/PonChiCamera.app/PonChiCamera";
				FRAMEWORK_SEARCH_PATHS = (
					"$(SDKROOT)/Developer/Library/Frameworks",
					"$(inherited)",
					"$(DEVELOPER_FRAMEWORKS_DIR)",
				);
				GCC_PRECOMPILE_PREFIX_HEADER = YES;
				GCC_PREFIX_HEADER = "PonChiCamera/PonChiCamera-Prefix.pch";
				INFOPLIST_FILE = "PonChiCameraTests/PonChiCameraTests-Info.plist";
				PRODUCT_NAME = "$(TARGET_NAME)";
				TEST_HOST = "$(BUNDLE_LOADER)";
				WRAPPER_EXTENSION = xctest;
			};
			name = Release;
		};
/* End XCBuildConfiguration section */

/* Begin XCConfigurationList section */
		C383BCB718C5CD22001C8241 /* Build configuration list for PBXProject "PonChiCamera" */ = {
			isa = XCConfigurationList;
			buildConfigurations = (
				C383BCE618C5CD22001C8241 /* Debug */,
				C383BCE718C5CD22001C8241 /* Release */,
			);
			defaultConfigurationIsVisible = 0;
			defaultConfigurationName = Release;
		};
		C383BCE818C5CD22001C8241 /* Build configuration list for PBXNativeTarget "PonChiCamera" */ = {
			isa = XCConfigurationList;
			buildConfigurations = (
				C383BCE918C5CD22001C8241 /* Debug */,
				C383BCEA18C5CD22001C8241 /* Release */,
			);
			defaultConfigurationIsVisible = 0;
			defaultConfigurationName = Release;
		};
		C383BCEB18C5CD22001C8241 /* Build configuration list for PBXNativeTarget "PonChiCameraTests" */ = {
			isa = XCConfigurationList;
			buildConfigurations = (
				C383BCEC18C5CD22001C8241 /* Debug */,
				C383BCED18C5CD22001C8241 /* Release */,
			);
			defaultConfigurationIsVisible = 0;
			defaultConfigurationName = Release;
		};
/* End XCConfigurationList section */
	};
	rootObject = C383BCB418C5CD22001C8241 /* Project object */;
}
